
Microsoft Visual Studio Solution File, Format Version 12.00
# Visual Studio 15
VisualStudioVersion = 15.0.26730.16
MinimumVisualStudioVersion = 10.0.40219.1
Project("{9A19103F-16F7-4668-BE54-9A1E7A4F7556}") = "FizzBuzz_Extended", "FizzBuzz Extended\FizzBuzz_Extended.csproj", "{73EA9831-E242-41D5-A6EE-A53D68E2EFED}"
EndProject
Project("{FAE04EC0-301F-11D3-BF4B-00C04F79EFBC}") = "Parser Unit Tests", "Parser Unit Tests\Parser Unit Tests.csproj", "{FFD22492-9493-48F7-96AC-F7B674EE0304}"
EndProject
Global
	GlobalSection(SolutionConfigurationPlatforms) = preSolution
		Debug|Any CPU = Debug|Any CPU
		Debug|x86 = Debug|x86
		Release|Any CPU = Release|Any CPU
		Release|x86 = Release|x86
	EndGlobalSection
	GlobalSection(ProjectConfigurationPlatforms) = postSolution
		{73EA9831-E242-41D5-A6EE-A53D68E2EFED}.Debug|Any CPU.ActiveCfg = Debug|Any CPU
		{73EA9831-E242-41D5-A6EE-A53D68E2EFED}.Debug|Any CPU.Build.0 = Debug|Any CPU
		{73EA9831-E242-41D5-A6EE-A53D68E2EFED}.Debug|x86.ActiveCfg = Debug|x86
		{73EA9831-E242-41D5-A6EE-A53D68E2EFED}.Debug|x86.Build.0 = Debug|x86
		{73EA9831-E242-41D5-A6EE-A53D68E2EFED}.Release|Any CPU.ActiveCfg = Release|Any CPU
		{73EA9831-E242-41D5-A6EE-A53D68E2EFED}.Release|Any CPU.Build.0 = Release|Any CPU
		{73EA9831-E242-41D5-A6EE-A53D68E2EFED}.Release|x86.ActiveCfg = Release|x86
		{73EA9831-E242-41D5-A6EE-A53D68E2EFED}.Release|x86.Build.0 = Release|x86
		{FFD22492-9493-48F7-96AC-F7B674EE0304}.Debug|Any CPU.ActiveCfg = Debug|Any CPU
		{FFD22492-9493-48F7-96AC-F7B674EE0304}.Debug|Any CPU.Build.0 = Debug|Any CPU
		{FFD22492-9493-48F7-96AC-F7B674EE0304}.Debug|x86.ActiveCfg = Debug|Any CPU
		{FFD22492-9493-48F7-96AC-F7B674EE0304}.Debug|x86.Build.0 = Debug|Any CPU
		{FFD22492-9493-48F7-96AC-F7B674EE0304}.Release|Any CPU.ActiveCfg = Release|Any CPU
		{FFD22492-9493-48F7-96AC-F7B674EE0304}.Release|Any CPU.Build.0 = Release|Any CPU
		{FFD22492-9493-48F7-96AC-F7B674EE0304}.Release|x86.ActiveCfg = Release|Any CPU
		{FFD22492-9493-48F7-96AC-F7B674EE0304}.Release|x86.Build.0 = Release|Any CPU
	EndGlobalSection
	GlobalSection(SolutionProperties) = preSolution
		HideSolutionNode = FALSE
	EndGlobalSection
	GlobalSection(ExtensibilityGlobals) = postSolution
		SolutionGuid = {BCF6AE0C-9FAD-486E-A553-43D252C4E260}
	EndGlobalSection
EndGlobal
