
Microsoft Visual Studio Solution File, Format Version 12.00
# Visual Studio 15
VisualStudioVersion = 15.0.26730.15
MinimumVisualStudioVersion = 10.0.40219.1
Project("{FAE04EC0-301F-11D3-BF4B-00C04F79EFBC}") = "FizzBuzz Extended", "FizzBuzz Extended\FizzBuzz Extended.csproj", "{73EA9831-E242-41D5-A6EE-A53D68E2EFED}"
EndProject
Global
	GlobalSection(SolutionConfigurationPlatforms) = preSolution
		Debug|Any CPU = Debug|Any CPU
		Release|Any CPU = Release|Any CPU
	EndGlobalSection
	GlobalSection(ProjectConfigurationPlatforms) = postSolution
		{73EA9831-E242-41D5-A6EE-A53D68E2EFED}.Debug|Any CPU.ActiveCfg = Debug|Any CPU
		{73EA9831-E242-41D5-A6EE-A53D68E2EFED}.Debug|Any CPU.Build.0 = Debug|Any CPU
		{73EA9831-E242-41D5-A6EE-A53D68E2EFED}.Release|Any CPU.ActiveCfg = Release|Any CPU
		{73EA9831-E242-41D5-A6EE-A53D68E2EFED}.Release|Any CPU.Build.0 = Release|Any CPU
	EndGlobalSection
	GlobalSection(SolutionProperties) = preSolution
		HideSolutionNode = FALSE
	EndGlobalSection
	GlobalSection(ExtensibilityGlobals) = postSolution
		SolutionGuid = {BCF6AE0C-9FAD-486E-A553-43D252C4E260}
	EndGlobalSection
EndGlobal
